
Microsoft Visual Studio Solution File, Format Version 12.00
# Visual Studio Version 17
VisualStudioVersion = 17.14.36717.8
MinimumVisualStudioVersion = 10.0.40219.1
Project("{2150E333-8FDC-42A3-9474-1A3956D46DE8}") = "Task0", "Task0", "{02EA681E-C7D8-13C7-8484-4AC65E1B71E8}"
EndProject
Project("{FAE04EC0-301F-11D3-BF4B-00C04F79EFBC}") = "Tyuiu.PozdeevaEA.Sprint6.Task0.V21", "Tyuiu.PozdeevaEA.Sprint6.Task0.V21\Tyuiu.PozdeevaEA.Sprint6.Task0.V21.csproj", "{806AC3B5-5DF4-4FA3-ADB1-F8B3851985C6}"
EndProject
Project("{FAE04EC0-301F-11D3-BF4B-00C04F79EFBC}") = "Tyuiu.PozdeevaEA.Sprint6.Task0.V21.Lib", "Tyuiu.PozdeevaEA.Sprint6.Task0.V21.Lib\Tyuiu.PozdeevaEA.Sprint6.Task0.V21.Lib.csproj", "{2D2C4F4F-EC7A-4B53-B71E-54FBBF0E8F9A}"
EndProject
Project("{FAE04EC0-301F-11D3-BF4B-00C04F79EFBC}") = "Tyuiu.PozdeevaEA.Sprint6.Task0.V21.Test", "Tyuiu.PozdeevaEA.Sprint6.Task0.V21.Test\Tyuiu.PozdeevaEA.Sprint6.Task0.V21.Test.csproj", "{8664EC2B-9DC7-4A2C-BA00-7B79489BED18}"
EndProject
Project("{2150E333-8FDC-42A3-9474-1A3956D46DE8}") = "Task1", "Task1", "{159B3F13-22E4-4993-8236-E4D542C61D79}"
EndProject
Project("{FAE04EC0-301F-11D3-BF4B-00C04F79EFBC}") = "Tyuiu.PozdeevaEA.Sprint6.Task1.V14", "Tyuiu.PozdeevaEA.Sprint6.Task1.V14\Tyuiu.PozdeevaEA.Sprint6.Task1.V14.csproj", "{A17E4BE9-4DE4-40F6-AFA9-27DCE4AD4FE9}"
EndProject
Project("{FAE04EC0-301F-11D3-BF4B-00C04F79EFBC}") = "Tyuiu.PozdeevaEA.Sprint6.Task1.V14.Lib", "Tyuiu.PozdeevaEA.Sprint6.Task1.V14.Lib\Tyuiu.PozdeevaEA.Sprint6.Task1.V14.Lib.csproj", "{BAF2E343-DCB2-4808-ACBE-EE3C4C9F9B51}"
EndProject
Project("{FAE04EC0-301F-11D3-BF4B-00C04F79EFBC}") = "Tyuiu.PozdeevaEA.Sprint6.Task1.V14.Test", "Tyuiu.PozdeevaEA.Sprint6.Task1.V14.Test\Tyuiu.PozdeevaEA.Sprint6.Task1.V14.Test.csproj", "{EF495785-552E-4D19-8463-B295D61B91F9}"
EndProject
Project("{2150E333-8FDC-42A3-9474-1A3956D46DE8}") = "Task2", "Task2", "{A16DA75E-83F4-4BD0-8CAD-8E4896455783}"
EndProject
Project("{FAE04EC0-301F-11D3-BF4B-00C04F79EFBC}") = "Tyuiu.PozdeevaEA.Sprint6.Task2.V21", "Tyuiu.PozdeevaEA.Sprint6.Task2.V21\Tyuiu.PozdeevaEA.Sprint6.Task2.V21.csproj", "{3147B44C-3B02-46DB-A88D-EA12877287C7}"
EndProject
Project("{FAE04EC0-301F-11D3-BF4B-00C04F79EFBC}") = "Tyuiu.PozdeevaEA.Sprint6.Task2.V21.Lib", "Tyuiu.PozdeevaEA.Sprint6.Task2.V21.Lib\Tyuiu.PozdeevaEA.Sprint6.Task2.V21.Lib.csproj", "{AEF6ABBD-5A8D-46F8-9A4E-111FD2613C8E}"
EndProject
Project("{FAE04EC0-301F-11D3-BF4B-00C04F79EFBC}") = "Tyuiu.PozdeevaEA.Sprint6.Task2.V21.Test", "Tyuiu.PozdeevaEA.Sprint6.Task2.V21.Test\Tyuiu.PozdeevaEA.Sprint6.Task2.V21.Test.csproj", "{7FCC6A16-97A7-4ABD-94FC-FFBE2F81220E}"
EndProject
Project("{2150E333-8FDC-42A3-9474-1A3956D46DE8}") = "Task3", "Task3", "{2721BC11-9B7C-4258-9342-6A5035067B31}"
EndProject
Project("{FAE04EC0-301F-11D3-BF4B-00C04F79EFBC}") = "Tyuiu.PozdeevaEA.Sprint6.Task3.V19", "Tyuiu.PozdeevaEA.Sprint6.Task3.V19\Tyuiu.PozdeevaEA.Sprint6.Task3.V19.csproj", "{F2283B49-B2C2-436B-9A52-100477B3CC8E}"
EndProject
Project("{FAE04EC0-301F-11D3-BF4B-00C04F79EFBC}") = "Tyuiu.PozdeevaEA.Sprint6.Task3.V19.Lib", "Tyuiu.PozdeevaEA.Sprint6.Task3.V19.Lib\Tyuiu.PozdeevaEA.Sprint6.Task3.V19.Lib.csproj", "{A5E5A084-0B24-4F41-B23C-B2A6C6F8F0E5}"
EndProject
Project("{FAE04EC0-301F-11D3-BF4B-00C04F79EFBC}") = "Tyuiu.PozdeevaEA.Sprint6.Task3.V19.Test", "Tyuiu.PozdeevaEA.Sprint6.Task3.V19.Test\Tyuiu.PozdeevaEA.Sprint6.Task3.V19.Test.csproj", "{E22C3DCA-ACE9-4C8E-9B3D-1AB501EFA057}"
EndProject
Project("{2150E333-8FDC-42A3-9474-1A3956D46DE8}") = "Task4", "Task4", "{D307CB6C-06E8-4120-93EC-413210ADA346}"
EndProject
Project("{FAE04EC0-301F-11D3-BF4B-00C04F79EFBC}") = "Tyuiu.PozdeevaEA.Sprint6.Task4.V20", "Tyuiu.PozdeevaEA.Sprint6.Task4.V20\Tyuiu.PozdeevaEA.Sprint6.Task4.V20.csproj", "{F74BBC5E-F903-4704-A550-D4B18CF35D00}"
EndProject
Project("{FAE04EC0-301F-11D3-BF4B-00C04F79EFBC}") = "Tyuiu.PozdeevaEA.Sprint6.Task4.V20.Lib", "Tyuiu.PozdeevaEA.Sprint6.Task4.V20.Lib\Tyuiu.PozdeevaEA.Sprint6.Task4.V20.Lib.csproj", "{28EBCDA4-B181-4C7D-AD4D-5EEE0E664505}"
EndProject
Project("{FAE04EC0-301F-11D3-BF4B-00C04F79EFBC}") = "Tyuiu.PozdeevaEA.Sprint6.Task4.V20.Test", "Tyuiu.PozdeevaEA.Sprint6.Task4.V20.Test\Tyuiu.PozdeevaEA.Sprint6.Task4.V20.Test.csproj", "{7B03918C-BAA1-48E8-9894-D88B36524310}"
EndProject
Global
	GlobalSection(SolutionConfigurationPlatforms) = preSolution
		Debug|Any CPU = Debug|Any CPU
		Release|Any CPU = Release|Any CPU
	EndGlobalSection
	GlobalSection(ProjectConfigurationPlatforms) = postSolution
		{806AC3B5-5DF4-4FA3-ADB1-F8B3851985C6}.Debug|Any CPU.ActiveCfg = Debug|Any CPU
		{806AC3B5-5DF4-4FA3-ADB1-F8B3851985C6}.Debug|Any CPU.Build.0 = Debug|Any CPU
		{806AC3B5-5DF4-4FA3-ADB1-F8B3851985C6}.Release|Any CPU.ActiveCfg = Release|Any CPU
		{806AC3B5-5DF4-4FA3-ADB1-F8B3851985C6}.Release|Any CPU.Build.0 = Release|Any CPU
		{2D2C4F4F-EC7A-4B53-B71E-54FBBF0E8F9A}.Debug|Any CPU.ActiveCfg = Debug|Any CPU
		{2D2C4F4F-EC7A-4B53-B71E-54FBBF0E8F9A}.Debug|Any CPU.Build.0 = Debug|Any CPU
		{2D2C4F4F-EC7A-4B53-B71E-54FBBF0E8F9A}.Release|Any CPU.ActiveCfg = Release|Any CPU
		{2D2C4F4F-EC7A-4B53-B71E-54FBBF0E8F9A}.Release|Any CPU.Build.0 = Release|Any CPU
		{8664EC2B-9DC7-4A2C-BA00-7B79489BED18}.Debug|Any CPU.ActiveCfg = Debug|Any CPU
		{8664EC2B-9DC7-4A2C-BA00-7B79489BED18}.Debug|Any CPU.Build.0 = Debug|Any CPU
		{8664EC2B-9DC7-4A2C-BA00-7B79489BED18}.Release|Any CPU.ActiveCfg = Release|Any CPU
		{8664EC2B-9DC7-4A2C-BA00-7B79489BED18}.Release|Any CPU.Build.0 = Release|Any CPU
		{A17E4BE9-4DE4-40F6-AFA9-27DCE4AD4FE9}.Debug|Any CPU.ActiveCfg = Debug|Any CPU
		{A17E4BE9-4DE4-40F6-AFA9-27DCE4AD4FE9}.Debug|Any CPU.Build.0 = Debug|Any CPU
		{A17E4BE9-4DE4-40F6-AFA9-27DCE4AD4FE9}.Release|Any CPU.ActiveCfg = Release|Any CPU
		{A17E4BE9-4DE4-40F6-AFA9-27DCE4AD4FE9}.Release|Any CPU.Build.0 = Release|Any CPU
		{BAF2E343-DCB2-4808-ACBE-EE3C4C9F9B51}.Debug|Any CPU.ActiveCfg = Debug|Any CPU
		{BAF2E343-DCB2-4808-ACBE-EE3C4C9F9B51}.Debug|Any CPU.Build.0 = Debug|Any CPU
		{BAF2E343-DCB2-4808-ACBE-EE3C4C9F9B51}.Release|Any CPU.ActiveCfg = Release|Any CPU
		{BAF2E343-DCB2-4808-ACBE-EE3C4C9F9B51}.Release|Any CPU.Build.0 = Release|Any CPU
		{EF495785-552E-4D19-8463-B295D61B91F9}.Debug|Any CPU.ActiveCfg = Debug|Any CPU
		{EF495785-552E-4D19-8463-B295D61B91F9}.Debug|Any CPU.Build.0 = Debug|Any CPU
		{EF495785-552E-4D19-8463-B295D61B91F9}.Release|Any CPU.ActiveCfg = Release|Any CPU
		{EF495785-552E-4D19-8463-B295D61B91F9}.Release|Any CPU.Build.0 = Release|Any CPU
		{3147B44C-3B02-46DB-A88D-EA12877287C7}.Debug|Any CPU.ActiveCfg = Debug|Any CPU
		{3147B44C-3B02-46DB-A88D-EA12877287C7}.Debug|Any CPU.Build.0 = Debug|Any CPU
		{3147B44C-3B02-46DB-A88D-EA12877287C7}.Release|Any CPU.ActiveCfg = Release|Any CPU
		{3147B44C-3B02-46DB-A88D-EA12877287C7}.Release|Any CPU.Build.0 = Release|Any CPU
		{AEF6ABBD-5A8D-46F8-9A4E-111FD2613C8E}.Debug|Any CPU.ActiveCfg = Debug|Any CPU
		{AEF6ABBD-5A8D-46F8-9A4E-111FD2613C8E}.Debug|Any CPU.Build.0 = Debug|Any CPU
		{AEF6ABBD-5A8D-46F8-9A4E-111FD2613C8E}.Release|Any CPU.ActiveCfg = Release|Any CPU
		{AEF6ABBD-5A8D-46F8-9A4E-111FD2613C8E}.Release|Any CPU.Build.0 = Release|Any CPU
		{7FCC6A16-97A7-4ABD-94FC-FFBE2F81220E}.Debug|Any CPU.ActiveCfg = Debug|Any CPU
		{7FCC6A16-97A7-4ABD-94FC-FFBE2F81220E}.Debug|Any CPU.Build.0 = Debug|Any CPU
		{7FCC6A16-97A7-4ABD-94FC-FFBE2F81220E}.Release|Any CPU.ActiveCfg = Release|Any CPU
		{7FCC6A16-97A7-4ABD-94FC-FFBE2F81220E}.Release|Any CPU.Build.0 = Release|Any CPU
		{F2283B49-B2C2-436B-9A52-100477B3CC8E}.Debug|Any CPU.ActiveCfg = Debug|Any CPU
		{F2283B49-B2C2-436B-9A52-100477B3CC8E}.Debug|Any CPU.Build.0 = Debug|Any CPU
		{F2283B49-B2C2-436B-9A52-100477B3CC8E}.Release|Any CPU.ActiveCfg = Release|Any CPU
		{F2283B49-B2C2-436B-9A52-100477B3CC8E}.Release|Any CPU.Build.0 = Release|Any CPU
		{A5E5A084-0B24-4F41-B23C-B2A6C6F8F0E5}.Debug|Any CPU.ActiveCfg = Debug|Any CPU
		{A5E5A084-0B24-4F41-B23C-B2A6C6F8F0E5}.Debug|Any CPU.Build.0 = Debug|Any CPU
		{A5E5A084-0B24-4F41-B23C-B2A6C6F8F0E5}.Release|Any CPU.ActiveCfg = Release|Any CPU
		{A5E5A084-0B24-4F41-B23C-B2A6C6F8F0E5}.Release|Any CPU.Build.0 = Release|Any CPU
		{E22C3DCA-ACE9-4C8E-9B3D-1AB501EFA057}.Debug|Any CPU.ActiveCfg = Debug|Any CPU
		{E22C3DCA-ACE9-4C8E-9B3D-1AB501EFA057}.Debug|Any CPU.Build.0 = Debug|Any CPU
		{E22C3DCA-ACE9-4C8E-9B3D-1AB501EFA057}.Release|Any CPU.ActiveCfg = Release|Any CPU
		{E22C3DCA-ACE9-4C8E-9B3D-1AB501EFA057}.Release|Any CPU.Build.0 = Release|Any CPU
		{F74BBC5E-F903-4704-A550-D4B18CF35D00}.Debug|Any CPU.ActiveCfg = Debug|Any CPU
		{F74BBC5E-F903-4704-A550-D4B18CF35D00}.Debug|Any CPU.Build.0 = Debug|Any CPU
		{F74BBC5E-F903-4704-A550-D4B18CF35D00}.Release|Any CPU.ActiveCfg = Release|Any CPU
		{F74BBC5E-F903-4704-A550-D4B18CF35D00}.Release|Any CPU.Build.0 = Release|Any CPU
		{28EBCDA4-B181-4C7D-AD4D-5EEE0E664505}.Debug|Any CPU.ActiveCfg = Debug|Any CPU
		{28EBCDA4-B181-4C7D-AD4D-5EEE0E664505}.Debug|Any CPU.Build.0 = Debug|Any CPU
		{28EBCDA4-B181-4C7D-AD4D-5EEE0E664505}.Release|Any CPU.ActiveCfg = Release|Any CPU
		{28EBCDA4-B181-4C7D-AD4D-5EEE0E664505}.Release|Any CPU.Build.0 = Release|Any CPU
		{7B03918C-BAA1-48E8-9894-D88B36524310}.Debug|Any CPU.ActiveCfg = Debug|Any CPU
		{7B03918C-BAA1-48E8-9894-D88B36524310}.Debug|Any CPU.Build.0 = Debug|Any CPU
		{7B03918C-BAA1-48E8-9894-D88B36524310}.Release|Any CPU.ActiveCfg = Release|Any CPU
		{7B03918C-BAA1-48E8-9894-D88B36524310}.Release|Any CPU.Build.0 = Release|Any CPU
	EndGlobalSection
	GlobalSection(SolutionProperties) = preSolution
		HideSolutionNode = FALSE
	EndGlobalSection
	GlobalSection(NestedProjects) = preSolution
		{806AC3B5-5DF4-4FA3-ADB1-F8B3851985C6} = {02EA681E-C7D8-13C7-8484-4AC65E1B71E8}
		{2D2C4F4F-EC7A-4B53-B71E-54FBBF0E8F9A} = {02EA681E-C7D8-13C7-8484-4AC65E1B71E8}
		{8664EC2B-9DC7-4A2C-BA00-7B79489BED18} = {02EA681E-C7D8-13C7-8484-4AC65E1B71E8}
		{A17E4BE9-4DE4-40F6-AFA9-27DCE4AD4FE9} = {159B3F13-22E4-4993-8236-E4D542C61D79}
		{BAF2E343-DCB2-4808-ACBE-EE3C4C9F9B51} = {159B3F13-22E4-4993-8236-E4D542C61D79}
		{EF495785-552E-4D19-8463-B295D61B91F9} = {159B3F13-22E4-4993-8236-E4D542C61D79}
		{3147B44C-3B02-46DB-A88D-EA12877287C7} = {A16DA75E-83F4-4BD0-8CAD-8E4896455783}
		{AEF6ABBD-5A8D-46F8-9A4E-111FD2613C8E} = {A16DA75E-83F4-4BD0-8CAD-8E4896455783}
		{7FCC6A16-97A7-4ABD-94FC-FFBE2F81220E} = {A16DA75E-83F4-4BD0-8CAD-8E4896455783}
		{F2283B49-B2C2-436B-9A52-100477B3CC8E} = {2721BC11-9B7C-4258-9342-6A5035067B31}
		{A5E5A084-0B24-4F41-B23C-B2A6C6F8F0E5} = {2721BC11-9B7C-4258-9342-6A5035067B31}
		{E22C3DCA-ACE9-4C8E-9B3D-1AB501EFA057} = {2721BC11-9B7C-4258-9342-6A5035067B31}
		{F74BBC5E-F903-4704-A550-D4B18CF35D00} = {D307CB6C-06E8-4120-93EC-413210ADA346}
		{28EBCDA4-B181-4C7D-AD4D-5EEE0E664505} = {D307CB6C-06E8-4120-93EC-413210ADA346}
		{7B03918C-BAA1-48E8-9894-D88B36524310} = {D307CB6C-06E8-4120-93EC-413210ADA346}
	EndGlobalSection
	GlobalSection(ExtensibilityGlobals) = postSolution
		SolutionGuid = {14424C6B-FF01-41BD-97D0-9A724B9C9909}
	EndGlobalSection
EndGlobal
